
Microsoft Visual Studio Solution File, Format Version 12.00
# Visual Studio 15
VisualStudioVersion = 15.0.27130.2020
MinimumVisualStudioVersion = 10.0.40219.1
Project("{FAE04EC0-301F-11D3-BF4B-00C04F79EFBC}") = "MSIMAutomate", "MSIMAutomate\MSIMAutomate.csproj", "{68C01034-42DC-4DCD-85F9-76FB24BD67C3}"
EndProject
Global
	GlobalSection(SolutionConfigurationPlatforms) = preSolution
		Debug|Any CPU = Debug|Any CPU
		Release|Any CPU = Release|Any CPU
	EndGlobalSection
	GlobalSection(ProjectConfigurationPlatforms) = postSolution
		{68C01034-42DC-4DCD-85F9-76FB24BD67C3}.Debug|Any CPU.ActiveCfg = Debug|Any CPU
		{68C01034-42DC-4DCD-85F9-76FB24BD67C3}.Debug|Any CPU.Build.0 = Debug|Any CPU
		{68C01034-42DC-4DCD-85F9-76FB24BD67C3}.Release|Any CPU.ActiveCfg = Release|Any CPU
		{68C01034-42DC-4DCD-85F9-76FB24BD67C3}.Release|Any CPU.Build.0 = Release|Any CPU
	EndGlobalSection
	GlobalSection(SolutionProperties) = preSolution
		HideSolutionNode = FALSE
	EndGlobalSection
	GlobalSection(ExtensibilityGlobals) = postSolution
		SolutionGuid = {54D50076-7F95-48A8-A45A-2D8985C9511D}
	EndGlobalSection
EndGlobal
